Microsoft Visual Studio Solution File, Format Version 12.00
# Visual Studio Version 17
VisualStudioVersion = 17.5.2.0
MinimumVisualStudioVersion = 10.0.40219.1
Project("{FAE04EC0-301F-11D3-BF4B-00C04F79EFBC}") = "Gauge", "Gauge.csproj", "{0CD133C0-9DBC-479E-965F-89B20506E7C2}"
EndProject
Global
	GlobalSection(SolutionConfigurationPlatforms) = preSolution
		Debug|Any CPU = Debug|Any CPU
		Release|Any CPU = Release|Any CPU
	EndGlobalSection
	GlobalSection(ProjectConfigurationPlatforms) = postSolution
		{0CD133C0-9DBC-479E-965F-89B20506E7C2}.Debug|Any CPU.ActiveCfg = Debug|Any CPU
		{0CD133C0-9DBC-479E-965F-89B20506E7C2}.Debug|Any CPU.Build.0 = Debug|Any CPU
		{0CD133C0-9DBC-479E-965F-89B20506E7C2}.Release|Any CPU.ActiveCfg = Release|Any CPU
		{0CD133C0-9DBC-479E-965F-89B20506E7C2}.Release|Any CPU.Build.0 = Release|Any CPU
	EndGlobalSection
	GlobalSection(SolutionProperties) = preSolution
		HideSolutionNode = FALSE
	EndGlobalSection
	GlobalSection(ExtensibilityGlobals) = postSolution
		SolutionGuid = {D62B099E-C0E7-4D98-BB24-D9F1855E5EB3}
	EndGlobalSection
EndGlobal
